
Microsoft Visual Studio Solution File, Format Version 12.00
# Visual Studio Version 16
VisualStudioVersion = 16.0.30523.141
MinimumVisualStudioVersion = 10.0.40219.1
Project("{FAE04EC0-301F-11D3-BF4B-00C04F79EFBC}") = "Sokhan", "Sokhan\Sokhan.csproj", "{274D649E-AA71-40D2-ACBD-312AF6B3EEE4}"
EndProject
Global
	GlobalSection(SolutionConfigurationPlatforms) = preSolution
		Debug|Any CPU = Debug|Any CPU
		Release|Any CPU = Release|Any CPU
	EndGlobalSection
	GlobalSection(ProjectConfigurationPlatforms) = postSolution
		{274D649E-AA71-40D2-ACBD-312AF6B3EEE4}.Debug|Any CPU.ActiveCfg = Debug|Any CPU
		{274D649E-AA71-40D2-ACBD-312AF6B3EEE4}.Debug|Any CPU.Build.0 = Debug|Any CPU
		{274D649E-AA71-40D2-ACBD-312AF6B3EEE4}.Release|Any CPU.ActiveCfg = Release|Any CPU
		{274D649E-AA71-40D2-ACBD-312AF6B3EEE4}.Release|Any CPU.Build.0 = Release|Any CPU
	EndGlobalSection
	GlobalSection(SolutionProperties) = preSolution
		HideSolutionNode = FALSE
	EndGlobalSection
	GlobalSection(ExtensibilityGlobals) = postSolution
		SolutionGuid = {192694C5-20AE-45E1-A930-0A63030E318A}
	EndGlobalSection
EndGlobal
